
Microsoft Visual Studio Solution File, Format Version 10.00
# Visual Studio 2008
Project("{FAE04EC0-301F-11D3-BF4B-00C04F79EFBC}") = "arp_tool", "arp_tool\arp_tool.csproj", "{2AA6ACB9-79D8-4082-93DA-C990CDC59B5E}"
EndProject
Project("{FAE04EC0-301F-11D3-BF4B-00C04F79EFBC}") = "arp_tool2", "arp_tool2\arp_tool2.csproj", "{DF7CA119-F951-4BB4-9B07-F346EF07B810}"
EndProject
Global
	GlobalSection(SolutionConfigurationPlatforms) = preSolution
		Debug|Any CPU = Debug|Any CPU
		Release|Any CPU = Release|Any CPU
	EndGlobalSection
	GlobalSection(ProjectConfigurationPlatforms) = postSolution
		{2AA6ACB9-79D8-4082-93DA-C990CDC59B5E}.Debug|Any CPU.ActiveCfg = Debug|Any CPU
		{2AA6ACB9-79D8-4082-93DA-C990CDC59B5E}.Debug|Any CPU.Build.0 = Debug|Any CPU
		{2AA6ACB9-79D8-4082-93DA-C990CDC59B5E}.Debug|Any CPU.Deploy.0 = Debug|Any CPU
		{2AA6ACB9-79D8-4082-93DA-C990CDC59B5E}.Release|Any CPU.ActiveCfg = Release|Any CPU
		{2AA6ACB9-79D8-4082-93DA-C990CDC59B5E}.Release|Any CPU.Build.0 = Release|Any CPU
		{2AA6ACB9-79D8-4082-93DA-C990CDC59B5E}.Release|Any CPU.Deploy.0 = Release|Any CPU
		{DF7CA119-F951-4BB4-9B07-F346EF07B810}.Debug|Any CPU.ActiveCfg = Debug|Any CPU
		{DF7CA119-F951-4BB4-9B07-F346EF07B810}.Debug|Any CPU.Build.0 = Debug|Any CPU
		{DF7CA119-F951-4BB4-9B07-F346EF07B810}.Debug|Any CPU.Deploy.0 = Debug|Any CPU
		{DF7CA119-F951-4BB4-9B07-F346EF07B810}.Release|Any CPU.ActiveCfg = Release|Any CPU
		{DF7CA119-F951-4BB4-9B07-F346EF07B810}.Release|Any CPU.Build.0 = Release|Any CPU
		{DF7CA119-F951-4BB4-9B07-F346EF07B810}.Release|Any CPU.Deploy.0 = Release|Any CPU
	EndGlobalSection
	GlobalSection(SolutionProperties) = preSolution
		HideSolutionNode = FALSE
	EndGlobalSection
EndGlobal
